// !$*UTF8*$!
{
	archiveVersion = 1;
	classes = {
	};
	objectVersion = 48;
	objects = {

/* Begin PBXBuildFile section */
		70566887207EF2120089488E /* taskF.cp in Sources */ = {isa = PBXBuildFile; fileRef = 70566886207EF2120089488E /* taskF.cp */; };
/* End PBXBuildFile section */

/* Begin PBXCopyFilesBuildPhase section */
		D5A87E8B201DC1790038BE28 /* CopyFiles */ = {
			isa = PBXCopyFilesBuildPhase;
			buildActionMask = 2147483647;
			dstPath = /usr/share/man/man1/;
			dstSubfolderSpec = 0;
			files = (
			);
			runOnlyForDeploymentPostprocessing = 1;
		};
/* End PBXCopyFilesBuildPhase section */

/* Begin PBXFileReference section */
		70566886207EF2120089488E /* taskF.cp */ = {isa = PBXFileReference; fileEncoding = 4; lastKnownFileType = sourcecode.cpp.cpp; path = taskF.cp; sourceTree = "<group>"; };
		D500DAA32025F935003AE28B /* taskA.cc */ = {isa = PBXFileReference; fileEncoding = 4; lastKnownFileType = sourcecode.cpp.cpp; path = taskA.cc; sourceTree = "<group>"; };
		D500DAA62025FCA2003AE28B /* taskB.cc */ = {isa = PBXFileReference; fileEncoding = 4; lastKnownFileType = sourcecode.cpp.cpp; path = taskB.cc; sourceTree = "<group>"; };
		D500DAA82026018E003AE28B /* taskC.cc */ = {isa = PBXFileReference; fileEncoding = 4; lastKnownFileType = sourcecode.cpp.cpp; path = taskC.cc; sourceTree = "<group>"; };
		D508070C203F7038006E100A /* taskA.cc */ = {isa = PBXFileReference; fileEncoding = 4; lastKnownFileType = sourcecode.cpp.cpp; path = taskA.cc; sourceTree = "<group>"; };
		D508070E203FD45C006E100A /* taskB.cc */ = {isa = PBXFileReference; fileEncoding = 4; lastKnownFileType = sourcecode.cpp.cpp; path = taskB.cc; sourceTree = "<group>"; };
		D508944620520D8B000D0475 /* taskA.cc */ = {isa = PBXFileReference; fileEncoding = 4; lastKnownFileType = sourcecode.cpp.cpp; path = taskA.cc; sourceTree = "<group>"; };
		D508944820520D92000D0475 /* taskB.cc */ = {isa = PBXFileReference; fileEncoding = 4; lastKnownFileType = sourcecode.cpp.cpp; path = taskB.cc; sourceTree = "<group>"; };
		D508944A20520D9A000D0475 /* taskC.cc */ = {isa = PBXFileReference; fileEncoding = 4; lastKnownFileType = sourcecode.cpp.cpp; path = taskC.cc; sourceTree = "<group>"; };
		D519D66D2076FEF000B0DBA6 /* taskA.cp */ = {isa = PBXFileReference; fileEncoding = 4; lastKnownFileType = sourcecode.cpp.cpp; path = taskA.cp; sourceTree = "<group>"; };
		D519D66F2076FF0D00B0DBA6 /* taskB.cp */ = {isa = PBXFileReference; fileEncoding = 4; lastKnownFileType = sourcecode.cpp.cpp; path = taskB.cp; sourceTree = "<group>"; };
		D519D6712076FF1000B0DBA6 /* taskC.cp */ = {isa = PBXFileReference; fileEncoding = 4; lastKnownFileType = sourcecode.cpp.cpp; path = taskC.cp; sourceTree = "<group>"; };
		D519D6732076FF1500B0DBA6 /* taskD.cp */ = {isa = PBXFileReference; fileEncoding = 4; lastKnownFileType = sourcecode.cpp.cpp; path = taskD.cp; sourceTree = "<group>"; };
		D51CD11F205CE4E40089A113 /* taskA.cp */ = {isa = PBXFileReference; fileEncoding = 4; lastKnownFileType = sourcecode.cpp.cpp; path = taskA.cp; sourceTree = "<group>"; };
		D51CD121205CE4EE0089A113 /* taskB.cp */ = {isa = PBXFileReference; fileEncoding = 4; lastKnownFileType = sourcecode.cpp.cpp; path = taskB.cp; sourceTree = "<group>"; };
		D51CD123205CE4F30089A113 /* taskC.cp */ = {isa = PBXFileReference; fileEncoding = 4; lastKnownFileType = sourcecode.cpp.cpp; path = taskC.cp; sourceTree = "<group>"; };
		D520DF4C2044F77300BA8338 /* taskA.cc */ = {isa = PBXFileReference; fileEncoding = 4; lastKnownFileType = sourcecode.cpp.cpp; path = taskA.cc; sourceTree = "<group>"; };
		D520DF4E2044F77B00BA8338 /* taskB.cc */ = {isa = PBXFileReference; fileEncoding = 4; lastKnownFileType = sourcecode.cpp.cpp; path = taskB.cc; sourceTree = "<group>"; };
		D520DF502044F78200BA8338 /* taskC.cc */ = {isa = PBXFileReference; fileEncoding = 4; lastKnownFileType = sourcecode.cpp.cpp; path = taskC.cc; sourceTree = "<group>"; };
		D525435F203C9729005115F9 /* taskD.cc */ = {isa = PBXFileReference; fileEncoding = 4; lastKnownFileType = sourcecode.cpp.cpp; path = taskD.cc; sourceTree = "<group>"; };
		D5254362203D2DB6005115F9 /* taskE.cc */ = {isa = PBXFileReference; fileEncoding = 4; lastKnownFileType = sourcecode.cpp.cpp; path = taskE.cc; sourceTree = "<group>"; };
		D5390CB4202BD39900199DD5 /* 16.cc */ = {isa = PBXFileReference; fileEncoding = 4; lastKnownFileType = sourcecode.cpp.cpp; path = 16.cc; sourceTree = "<group>"; };
		D5390CB6202BEE6D00199DD5 /* 46.cc */ = {isa = PBXFileReference; fileEncoding = 4; lastKnownFileType = sourcecode.cpp.cpp; path = 46.cc; sourceTree = "<group>"; };
		D543DA7D20703DE80048D298 /* taskD.cp */ = {isa = PBXFileReference; fileEncoding = 4; lastKnownFileType = sourcecode.cpp.cpp; path = taskD.cp; sourceTree = "<group>"; };
		D549CFA3204CF31B00B46A00 /* taskE.cc */ = {isa = PBXFileReference; fileEncoding = 4; lastKnownFileType = sourcecode.cpp.cpp; path = taskE.cc; sourceTree = "<group>"; };
		D551611320267C5400CC7DEA /* 775.cc */ = {isa = PBXFileReference; lastKnownFileType = sourcecode.cpp.cpp; path = 775.cc; sourceTree = "<group>"; };
		D5543898203B11ED0071BED9 /* taskA.cc */ = {isa = PBXFileReference; fileEncoding = 4; lastKnownFileType = sourcecode.cpp.cpp; path = taskA.cc; sourceTree = "<group>"; };
		D554389B203B12410071BED9 /* taskB.cc */ = {isa = PBXFileReference; fileEncoding = 4; lastKnownFileType = sourcecode.cpp.cpp; path = taskB.cc; sourceTree = "<group>"; };
		D554389D203B12480071BED9 /* taskC.cc */ = {isa = PBXFileReference; fileEncoding = 4; lastKnownFileType = sourcecode.cpp.cpp; path = taskC.cc; sourceTree = "<group>"; };
		D56337302067C5B000D5823D /* taskA.cp */ = {isa = PBXFileReference; fileEncoding = 4; lastKnownFileType = sourcecode.cpp.cpp; path = taskA.cp; sourceTree = "<group>"; };
		D56337322067C5BD00D5823D /* taskB.cp */ = {isa = PBXFileReference; fileEncoding = 4; lastKnownFileType = sourcecode.cpp.cpp; path = taskB.cp; sourceTree = "<group>"; };
		D56337342067C5C000D5823D /* taskC.cp */ = {isa = PBXFileReference; fileEncoding = 4; lastKnownFileType = sourcecode.cpp.cpp; path = taskC.cp; sourceTree = "<group>"; };
		D56337362067C5C300D5823D /* taskD.cp */ = {isa = PBXFileReference; fileEncoding = 4; lastKnownFileType = sourcecode.cpp.cpp; path = taskD.cp; sourceTree = "<group>"; };
		D563B4AA2021851000C4890F /* taskA.cc */ = {isa = PBXFileReference; fileEncoding = 4; lastKnownFileType = sourcecode.cpp.cpp; path = taskA.cc; sourceTree = "<group>"; };
		D563B4AC2021879100C4890F /* taskB.cc */ = {isa = PBXFileReference; fileEncoding = 4; lastKnownFileType = sourcecode.cpp.cpp; path = taskB.cc; sourceTree = "<group>"; };
		D563B4AE202189B600C4890F /* taskC.cc */ = {isa = PBXFileReference; fileEncoding = 4; lastKnownFileType = sourcecode.cpp.cpp; path = taskC.cc; sourceTree = "<group>"; };
		D563B4B020219AA500C4890F /* taskD.cc */ = {isa = PBXFileReference; fileEncoding = 4; lastKnownFileType = sourcecode.cpp.cpp; path = taskD.cc; sourceTree = "<group>"; };
		D569F079201EBDBB002721B9 /* taskD.cc */ = {isa = PBXFileReference; fileEncoding = 4; lastKnownFileType = sourcecode.cpp.cpp; path = taskD.cc; sourceTree = "<group>"; };
		D569F07F201EBF17002721B9 /* taskA.cc */ = {isa = PBXFileReference; fileEncoding = 4; lastKnownFileType = sourcecode.cpp.cpp; path = taskA.cc; sourceTree = "<group>"; };
		D569F080201EBF17002721B9 /* taskB.cc */ = {isa = PBXFileReference; fileEncoding = 4; lastKnownFileType = sourcecode.cpp.cpp; path = taskB.cc; sourceTree = "<group>"; };
		D569F081201EBF17002721B9 /* taskC.cc */ = {isa = PBXFileReference; fileEncoding = 4; lastKnownFileType = sourcecode.cpp.cpp; path = taskC.cc; sourceTree = "<group>"; };
		D57001BD204BAA1E000FE75D /* taskA.cc */ = {isa = PBXFileReference; fileEncoding = 4; lastKnownFileType = sourcecode.cpp.cpp; path = taskA.cc; sourceTree = "<group>"; };
		D57001BF204BAA27000FE75D /* taskB.cc */ = {isa = PBXFileReference; lastKnownFileType = sourcecode.cpp.cpp; path = taskB.cc; sourceTree = "<group>"; };
		D57001C0204BAA2C000FE75D /* taskC.cc */ = {isa = PBXFileReference; fileEncoding = 4; lastKnownFileType = sourcecode.cpp.cpp; path = taskC.cc; sourceTree = "<group>"; };
		D57001C2204BAA30000FE75D /* taskD.cc */ = {isa = PBXFileReference; fileEncoding = 4; lastKnownFileType = sourcecode.cpp.cpp; path = taskD.cc; sourceTree = "<group>"; };
		D57001C6204C1796000FE75D /* taskA.cc */ = {isa = PBXFileReference; fileEncoding = 4; lastKnownFileType = sourcecode.cpp.cpp; path = taskA.cc; sourceTree = "<group>"; };
		D57001C8204C186F000FE75D /* taskB.cc */ = {isa = PBXFileReference; fileEncoding = 4; lastKnownFileType = sourcecode.cpp.cpp; path = taskB.cc; sourceTree = "<group>"; };
		D57001CA204C1913000FE75D /* taskC.cc */ = {isa = PBXFileReference; fileEncoding = 4; lastKnownFileType = sourcecode.cpp.cpp; path = taskC.cc; sourceTree = "<group>"; };
		D57001CC204C2028000FE75D /* taskD.cc */ = {isa = PBXFileReference; fileEncoding = 4; lastKnownFileType = sourcecode.cpp.cpp; path = taskD.cc; sourceTree = "<group>"; };
		D57001D0204C2A7F000FE75D /* taskA.cc */ = {isa = PBXFileReference; fileEncoding = 4; lastKnownFileType = sourcecode.cpp.cpp; path = taskA.cc; sourceTree = "<group>"; };
		D57001D2204C2A88000FE75D /* taskB.cc */ = {isa = PBXFileReference; fileEncoding = 4; lastKnownFileType = sourcecode.cpp.cpp; path = taskB.cc; sourceTree = "<group>"; };
		D57001D4204C2A90000FE75D /* taskC.cc */ = {isa = PBXFileReference; fileEncoding = 4; lastKnownFileType = sourcecode.cpp.cpp; path = taskC.cc; sourceTree = "<group>"; };
		D57001D6204C2A95000FE75D /* taskD.cc */ = {isa = PBXFileReference; fileEncoding = 4; lastKnownFileType = sourcecode.cpp.cpp; path = taskD.cc; sourceTree = "<group>"; };
		D5766935204B4797002BF5E4 /* taskD.cc */ = {isa = PBXFileReference; fileEncoding = 4; lastKnownFileType = sourcecode.cpp.cpp; path = taskD.cc; sourceTree = "<group>"; };
		D5798E7B2078EA390010DC5F /* taskA.cp */ = {isa = PBXFileReference; fileEncoding = 4; lastKnownFileType = sourcecode.cpp.cpp; path = taskA.cp; sourceTree = "<group>"; };
		D5798E7D2078EA4C0010DC5F /* taskB.cp */ = {isa = PBXFileReference; fileEncoding = 4; lastKnownFileType = sourcecode.cpp.cpp; path = taskB.cp; sourceTree = "<group>"; };
		D5798E7F2078EA500010DC5F /* taskC.cp */ = {isa = PBXFileReference; fileEncoding = 4; lastKnownFileType = sourcecode.cpp.cpp; path = taskC.cp; sourceTree = "<group>"; };
		D5798E812078EA530010DC5F /* taskE.cp */ = {isa = PBXFileReference; fileEncoding = 4; lastKnownFileType = sourcecode.cpp.cpp; path = taskE.cp; sourceTree = "<group>"; };
		D58924032030A1DE003314A4 /* taskA.cc */ = {isa = PBXFileReference; fileEncoding = 4; lastKnownFileType = sourcecode.cpp.cpp; path = taskA.cc; sourceTree = "<group>"; };
		D58924052030A1F8003314A4 /* taskB.cc */ = {isa = PBXFileReference; fileEncoding = 4; lastKnownFileType = sourcecode.cpp.cpp; path = taskB.cc; sourceTree = "<group>"; };
		D58924072030A1FF003314A4 /* taskC.cc */ = {isa = PBXFileReference; fileEncoding = 4; lastKnownFileType = sourcecode.cpp.cpp; path = taskC.cc; sourceTree = "<group>"; };
		D59EBF0420537279009AED02 /* 389.cc */ = {isa = PBXFileReference; lastKnownFileType = sourcecode.cpp.cpp; path = 389.cc; sourceTree = "<group>"; };
		D59EBF072053747F009AED02 /* 390.cc */ = {isa = PBXFileReference; fileEncoding = 4; lastKnownFileType = sourcecode.cpp.cpp; path = 390.cc; sourceTree = "<group>"; };
		D59EBF0E2054906D009AED02 /* taskA.cp */ = {isa = PBXFileReference; fileEncoding = 4; lastKnownFileType = sourcecode.cpp.cpp; path = taskA.cp; sourceTree = "<group>"; };
		D59EBF1020549078009AED02 /* taskB.cp */ = {isa = PBXFileReference; fileEncoding = 4; lastKnownFileType = sourcecode.cpp.cpp; path = taskB.cp; sourceTree = "<group>"; };
		D59EBF122054907D009AED02 /* taskC.cp */ = {isa = PBXFileReference; fileEncoding = 4; lastKnownFileType = sourcecode.cpp.cpp; path = taskC.cp; sourceTree = "<group>"; };
		D59EBF172054C60B009AED02 /* practice.cp */ = {isa = PBXFileReference; fileEncoding = 4; lastKnownFileType = sourcecode.cpp.cpp; path = practice.cp; sourceTree = "<group>"; usesTabs = 0; };
		D5A46E5F206670F5003C33DE /* taskA.cp */ = {isa = PBXFileReference; fileEncoding = 4; lastKnownFileType = sourcecode.cpp.cpp; path = taskA.cp; sourceTree = "<group>"; };
		D5A46E6120667100003C33DE /* taskB.cp */ = {isa = PBXFileReference; fileEncoding = 4; lastKnownFileType = sourcecode.cpp.cpp; path = taskB.cp; sourceTree = "<group>"; };
		D5A46E6320667103003C33DE /* taskC.cp */ = {isa = PBXFileReference; fileEncoding = 4; lastKnownFileType = sourcecode.cpp.cpp; path = taskC.cp; sourceTree = "<group>"; };
		D5A87E8D201DC1790038BE28 /* cpp */ = {isa = PBXFileReference; explicitFileType = "compiled.mach-o.executable"; includeInIndex = 0; path = cpp; sourceTree = BUILT_PRODUCTS_DIR; };
		D5A87E90201DC1790038BE28 /* template.cc */ = {isa = PBXFileReference; lastKnownFileType = sourcecode.cpp.cpp; path = template.cc; sourceTree = "<group>"; };
		D5AD708A205D3CFA00460C50 /* taskA.cp */ = {isa = PBXFileReference; fileEncoding = 4; lastKnownFileType = sourcecode.cpp.cpp; path = taskA.cp; sourceTree = "<group>"; };
		D5AD708F205D6F4D00460C50 /* taskA.cp */ = {isa = PBXFileReference; fileEncoding = 4; lastKnownFileType = sourcecode.cpp.cpp; path = taskA.cp; sourceTree = "<group>"; };
		D5B856AC202E6570006554F6 /* functions.cc */ = {isa = PBXFileReference; fileEncoding = 4; lastKnownFileType = sourcecode.cpp.cpp; path = functions.cc; sourceTree = "<group>"; };
		D5B856B0202F96F9006554F6 /* taskA.cc */ = {isa = PBXFileReference; fileEncoding = 4; lastKnownFileType = sourcecode.cpp.cpp; path = taskA.cc; sourceTree = "<group>"; };
		D5B856B2202FA37C006554F6 /* taskB.cc */ = {isa = PBXFileReference; fileEncoding = 4; lastKnownFileType = sourcecode.cpp.cpp; path = taskB.cc; sourceTree = "<group>"; };
		D5B856B4202FA7CB006554F6 /* taskC.cc */ = {isa = PBXFileReference; fileEncoding = 4; lastKnownFileType = sourcecode.cpp.cpp; path = taskC.cc; sourceTree = "<group>"; };
		D5B856B8202FB08B006554F6 /* taskD.cc */ = {isa = PBXFileReference; fileEncoding = 4; lastKnownFileType = sourcecode.cpp.cpp; path = taskD.cc; sourceTree = "<group>"; };
		D5B856BC202FD8A9006554F6 /* taskE.cc */ = {isa = PBXFileReference; fileEncoding = 4; lastKnownFileType = sourcecode.cpp.cpp; path = taskE.cc; sourceTree = "<group>"; };
		D5B856BE202FF4F6006554F6 /* taskF.cc */ = {isa = PBXFileReference; fileEncoding = 4; lastKnownFileType = sourcecode.cpp.cpp; path = taskF.cc; sourceTree = "<group>"; };
		D5BC4007206FDA2C00966C4F /* taskA.cp */ = {isa = PBXFileReference; fileEncoding = 4; lastKnownFileType = sourcecode.cpp.cpp; path = taskA.cp; sourceTree = "<group>"; };
		D5BC4009206FDA3300966C4F /* taskB.cp */ = {isa = PBXFileReference; fileEncoding = 4; lastKnownFileType = sourcecode.cpp.cpp; path = taskB.cp; sourceTree = "<group>"; };
		D5BC400C2070018C00966C4F /* taskC.cp */ = {isa = PBXFileReference; fileEncoding = 4; lastKnownFileType = sourcecode.cpp.cpp; path = taskC.cp; sourceTree = "<group>"; };
		D5C7C6DD202461DA00B3F4C5 /* taskE.cc */ = {isa = PBXFileReference; fileEncoding = 4; lastKnownFileType = sourcecode.cpp.cpp; path = taskE.cc; sourceTree = "<group>"; };
		D5C7C6DF2024626F00B3F4C5 /* 49.cc */ = {isa = PBXFileReference; lastKnownFileType = sourcecode.cpp.cpp; path = 49.cc; sourceTree = "<group>"; };
		D5DDEAD320368948007A5A50 /* taskD.cc */ = {isa = PBXFileReference; fileEncoding = 4; lastKnownFileType = sourcecode.cpp.cpp; path = taskD.cc; sourceTree = "<group>"; };
		D5DFD0EB2043527600F1CB7A /* taskC.cc */ = {isa = PBXFileReference; fileEncoding = 4; lastKnownFileType = sourcecode.cpp.cpp; path = taskC.cc; sourceTree = "<group>"; };
		D5DFD0ED2043D29D00F1CB7A /* taskD.cc */ = {isa = PBXFileReference; fileEncoding = 4; lastKnownFileType = sourcecode.cpp.cpp; path = taskD.cc; sourceTree = "<group>"; };
		D5E3B21F2022ABB8006E3D62 /* taskE.cc */ = {isa = PBXFileReference; fileEncoding = 4; lastKnownFileType = sourcecode.cpp.cpp; path = taskE.cc; sourceTree = "<group>"; };
		D5E3B2222022AC33006E3D62 /* 207.cc */ = {isa = PBXFileReference; fileEncoding = 4; lastKnownFileType = sourcecode.cpp.cpp; path = 207.cc; sourceTree = "<group>"; };
		D5E3B2232022AC33006E3D62 /* 221.cc */ = {isa = PBXFileReference; fileEncoding = 4; lastKnownFileType = sourcecode.cpp.cpp; path = 221.cc; sourceTree = "<group>"; };
		D5E3B2242022AC33006E3D62 /* 206.cc */ = {isa = PBXFileReference; fileEncoding = 4; lastKnownFileType = sourcecode.cpp.cpp; path = 206.cc; sourceTree = "<group>"; };
		D5E3B2252022AC33006E3D62 /* 238.cc */ = {isa = PBXFileReference; fileEncoding = 4; lastKnownFileType = sourcecode.cpp.cpp; path = 238.cc; sourceTree = "<group>"; };
		D5E3B2262022AC33006E3D62 /* 155.cc */ = {isa = PBXFileReference; fileEncoding = 4; lastKnownFileType = sourcecode.cpp.cpp; path = 155.cc; sourceTree = "<group>"; };
		D5E3B2272022AC33006E3D62 /* 48.cc */ = {isa = PBXFileReference; fileEncoding = 4; lastKnownFileType = sourcecode.cpp.cpp; path = 48.cc; sourceTree = "<group>"; };
		D5E3B2332022F660006E3D62 /* taskA.cc */ = {isa = PBXFileReference; fileEncoding = 4; lastKnownFileType = sourcecode.cpp.cpp; path = taskA.cc; sourceTree = "<group>"; };
		D5E3B2352022F98E006E3D62 /* taskB.cc */ = {isa = PBXFileReference; fileEncoding = 4; lastKnownFileType = sourcecode.cpp.cpp; path = taskB.cc; sourceTree = "<group>"; };
		D5E3B2372022FC44006E3D62 /* taskC.cc */ = {isa = PBXFileReference; fileEncoding = 4; lastKnownFileType = sourcecode.cpp.cpp; path = taskC.cc; sourceTree = "<group>"; };
		D5E3B23A202307F2006E3D62 /* taskD.cc */ = {isa = PBXFileReference; fileEncoding = 4; lastKnownFileType = sourcecode.cpp.cpp; path = taskD.cc; sourceTree = "<group>"; };
		D5E4F02920257FCA00B9F050 /* 740.cc */ = {isa = PBXFileReference; lastKnownFileType = sourcecode.cpp.cpp; path = 740.cc; sourceTree = "<group>"; };
/* End PBXFileReference section */

/* Begin PBXFrameworksBuildPhase section */
		D5A87E8A201DC1790038BE28 /* Frameworks */ = {
			isa = PBXFrameworksBuildPhase;
			buildActionMask = 2147483647;
			files = (
			);
			runOnlyForDeploymentPostprocessing = 0;
		};
/* End PBXFrameworksBuildPhase section */

/* Begin PBXGroup section */
		D500DAA52025F952003AE28B /* pc001 */ = {
			isa = PBXGroup;
			children = (
				D500DAA32025F935003AE28B /* taskA.cc */,
				D500DAA62025FCA2003AE28B /* taskB.cc */,
				D500DAA82026018E003AE28B /* taskC.cc */,
			);
			path = pc001;
			sourceTree = "<group>";
		};
		D508944520520D74000D0475 /* 467d2 */ = {
			isa = PBXGroup;
			children = (
				D508944620520D8B000D0475 /* taskA.cc */,
				D508944820520D92000D0475 /* taskB.cc */,
				D508944A20520D9A000D0475 /* taskC.cc */,
			);
			path = 467d2;
			sourceTree = "<group>";
		};
		D519D66C2076FEE600B0DBA6 /* 473d2 */ = {
			isa = PBXGroup;
			children = (
				D519D66D2076FEF000B0DBA6 /* taskA.cp */,
				D519D66F2076FF0D00B0DBA6 /* taskB.cp */,
				D519D6712076FF1000B0DBA6 /* taskC.cp */,
				D519D6732076FF1500B0DBA6 /* taskD.cp */,
			);
			path = 473d2;
			sourceTree = "<group>";
		};
		D51CD11E205CE4D40089A113 /* 469d2 */ = {
			isa = PBXGroup;
			children = (
				D51CD11F205CE4E40089A113 /* taskA.cp */,
				D51CD121205CE4EE0089A113 /* taskB.cp */,
				D51CD123205CE4F30089A113 /* taskC.cp */,
			);
			path = 469d2;
			sourceTree = "<group>";
		};
		D520DF4B2044F75A00BA8338 /* 464d2 */ = {
			isa = PBXGroup;
			children = (
				D520DF4C2044F77300BA8338 /* taskA.cc */,
				D520DF4E2044F77B00BA8338 /* taskB.cc */,
				D520DF502044F78200BA8338 /* taskC.cc */,
				D5766935204B4797002BF5E4 /* taskD.cc */,
			);
			path = 464d2;
			sourceTree = "<group>";
		};
		D5254364203F6FB5005115F9 /* 462d2 */ = {
			isa = PBXGroup;
			children = (
				D508070C203F7038006E100A /* taskA.cc */,
				D508070E203FD45C006E100A /* taskB.cc */,
				D5DFD0EB2043527600F1CB7A /* taskC.cc */,
				D5DFD0ED2043D29D00F1CB7A /* taskD.cc */,
			);
			path = 462d2;
			sourceTree = "<group>";
		};
		D554389A203B12000071BED9 /* ecf35d2 */ = {
			isa = PBXGroup;
			children = (
				D5543898203B11ED0071BED9 /* taskA.cc */,
				D554389B203B12410071BED9 /* taskB.cc */,
				D554389D203B12480071BED9 /* taskC.cc */,
				D525435F203C9729005115F9 /* taskD.cc */,
				D5254362203D2DB6005115F9 /* taskE.cc */,
			);
			path = ecf35d2;
			sourceTree = "<group>";
		};
		D563372F2067C5A400D5823D /* abc092 */ = {
			isa = PBXGroup;
			children = (
				D56337302067C5B000D5823D /* taskA.cp */,
				D56337322067C5BD00D5823D /* taskB.cp */,
				D56337342067C5C000D5823D /* taskC.cp */,
				D56337362067C5C300D5823D /* taskD.cp */,
			);
			path = abc092;
			sourceTree = "<group>";
		};
		D563B4A52021840900C4890F /* codeforces */ = {
			isa = PBXGroup;
			children = (
				D519D66C2076FEE600B0DBA6 /* 473d2 */,
				D5A46E5E206670E6003C33DE /* 471d2 */,
				D5AD708E205D6D2B00460C50 /* vk */,
				D51CD11E205CE4D40089A113 /* 469d2 */,
				D59EBF0D2054902A009AED02 /* 470d2 */,
				D57001CF204C2A6E000FE75D /* 468d2 */,
				D508944520520D74000D0475 /* 467d2 */,
				D57001BC204BAA0C000FE75D /* 465d2 */,
				D520DF4B2044F75A00BA8338 /* 464d2 */,
				D5254364203F6FB5005115F9 /* 462d2 */,
				D554389A203B12000071BED9 /* ecf35d2 */,
				D5B856AF202F969F006554F6 /* 461d2 */,
				D5E3B22F2022F64A006E3D62 /* 460d2 */,
				D563B4A6202184BA00C4890F /* 459d2 */,
				D58924022030A1A3003314A4 /* 456d2 */,
			);
			path = codeforces;
			sourceTree = "<group>";
		};
		D563B4A6202184BA00C4890F /* 459d2 */ = {
			isa = PBXGroup;
			children = (
				D563B4AA2021851000C4890F /* taskA.cc */,
				D563B4AC2021879100C4890F /* taskB.cc */,
				D563B4AE202189B600C4890F /* taskC.cc */,
				D563B4B020219AA500C4890F /* taskD.cc */,
			);
			path = 459d2;
			sourceTree = "<group>";
		};
		D569F074201EBDA1002721B9 /* atcoder */ = {
			isa = PBXGroup;
			children = (
				D5798E7A2078EA2F0010DC5F /* abc093 */,
				D5BC4006206FDA2500966C4F /* agc022 */,
				D563372F2067C5A400D5823D /* abc092 */,
				D5AD7089205D3CE400460C50 /* arc092 */,
				D57001C5204C177B000FE75D /* abc089 */,
				D500DAA52025F952003AE28B /* pc001 */,
				D5E3B21E2022AB99006E3D62 /* abc087 */,
			);
			path = atcoder;
			sourceTree = "<group>";
		};
		D57001BC204BAA0C000FE75D /* 465d2 */ = {
			isa = PBXGroup;
			children = (
				D57001BD204BAA1E000FE75D /* taskA.cc */,
				D57001BF204BAA27000FE75D /* taskB.cc */,
				D57001C0204BAA2C000FE75D /* taskC.cc */,
				D57001C2204BAA30000FE75D /* taskD.cc */,
			);
			path = 465d2;
			sourceTree = "<group>";
		};
		D57001C5204C177B000FE75D /* abc089 */ = {
			isa = PBXGroup;
			children = (
				D57001C6204C1796000FE75D /* taskA.cc */,
				D57001C8204C186F000FE75D /* taskB.cc */,
				D57001CA204C1913000FE75D /* taskC.cc */,
				D57001CC204C2028000FE75D /* taskD.cc */,
			);
			path = abc089;
			sourceTree = "<group>";
		};
		D57001CF204C2A6E000FE75D /* 468d2 */ = {
			isa = PBXGroup;
			children = (
				D57001D0204C2A7F000FE75D /* taskA.cc */,
				D57001D2204C2A88000FE75D /* taskB.cc */,
				D57001D4204C2A90000FE75D /* taskC.cc */,
				D57001D6204C2A95000FE75D /* taskD.cc */,
				D549CFA3204CF31B00B46A00 /* taskE.cc */,
			);
			path = 468d2;
			sourceTree = "<group>";
		};
		D5798E7A2078EA2F0010DC5F /* abc093 */ = {
			isa = PBXGroup;
			children = (
				D5798E7B2078EA390010DC5F /* taskA.cp */,
				D5798E7D2078EA4C0010DC5F /* taskB.cp */,
				D5798E7F2078EA500010DC5F /* taskC.cp */,
				D5798E812078EA530010DC5F /* taskE.cp */,
				70566886207EF2120089488E /* taskF.cp */,
			);
			path = abc093;
			sourceTree = "<group>";
		};
		D58924022030A1A3003314A4 /* 456d2 */ = {
			isa = PBXGroup;
			children = (
				D58924032030A1DE003314A4 /* taskA.cc */,
				D58924052030A1F8003314A4 /* taskB.cc */,
				D58924072030A1FF003314A4 /* taskC.cc */,
				D5DDEAD320368948007A5A50 /* taskD.cc */,
			);
			path = 456d2;
			sourceTree = "<group>";
		};
		D59EBF0D2054902A009AED02 /* 470d2 */ = {
			isa = PBXGroup;
			children = (
				D59EBF0E2054906D009AED02 /* taskA.cp */,
				D59EBF1020549078009AED02 /* taskB.cp */,
				D59EBF122054907D009AED02 /* taskC.cp */,
			);
			path = 470d2;
			sourceTree = "<group>";
		};
		D5A46E5E206670E6003C33DE /* 471d2 */ = {
			isa = PBXGroup;
			children = (
				D5A46E5F206670F5003C33DE /* taskA.cp */,
				D5A46E6120667100003C33DE /* taskB.cp */,
				D5A46E6320667103003C33DE /* taskC.cp */,
			);
			path = 471d2;
			sourceTree = "<group>";
		};
		D5A87E84201DC1790038BE28 = {
			isa = PBXGroup;
			children = (
				D5B856AB202E6554006554F6 /* general */,
				D5E3B2212022AC1A006E3D62 /* leetcode */,
				D563B4A52021840900C4890F /* codeforces */,
				D569F074201EBDA1002721B9 /* atcoder */,
				D5A87E90201DC1790038BE28 /* template.cc */,
				D5A87E8E201DC1790038BE28 /* Products */,
			);
			sourceTree = "<group>";
		};
		D5A87E8E201DC1790038BE28 /* Products */ = {
			isa = PBXGroup;
			children = (
				D5A87E8D201DC1790038BE28 /* cpp */,
			);
			name = Products;
			sourceTree = "<group>";
		};
		D5AD7089205D3CE400460C50 /* arc092 */ = {
			isa = PBXGroup;
			children = (
				D5AD708A205D3CFA00460C50 /* taskA.cp */,
			);
			path = arc092;
			sourceTree = "<group>";
		};
		D5AD708E205D6D2B00460C50 /* vk */ = {
			isa = PBXGroup;
			children = (
				D5AD708F205D6F4D00460C50 /* taskA.cp */,
			);
			path = vk;
			sourceTree = "<group>";
		};
		D5B856AB202E6554006554F6 /* general */ = {
			isa = PBXGroup;
			children = (
				D5B856AC202E6570006554F6 /* functions.cc */,
			);
			path = general;
			sourceTree = "<group>";
		};
		D5B856AF202F969F006554F6 /* 461d2 */ = {
			isa = PBXGroup;
			children = (
				D5B856B0202F96F9006554F6 /* taskA.cc */,
				D5B856B2202FA37C006554F6 /* taskB.cc */,
				D5B856B4202FA7CB006554F6 /* taskC.cc */,
				D5B856B8202FB08B006554F6 /* taskD.cc */,
				D5B856BC202FD8A9006554F6 /* taskE.cc */,
				D5B856BE202FF4F6006554F6 /* taskF.cc */,
			);
			path = 461d2;
			sourceTree = "<group>";
		};
		D5BC4006206FDA2500966C4F /* agc022 */ = {
			isa = PBXGroup;
			children = (
				D5BC4007206FDA2C00966C4F /* taskA.cp */,
				D5BC4009206FDA3300966C4F /* taskB.cp */,
				D5BC400C2070018C00966C4F /* taskC.cp */,
				D543DA7D20703DE80048D298 /* taskD.cp */,
			);
			path = agc022;
			sourceTree = "<group>";
		};
		D5E3B21E2022AB99006E3D62 /* abc087 */ = {
			isa = PBXGroup;
			children = (
				D569F07F201EBF17002721B9 /* taskA.cc */,
				D569F080201EBF17002721B9 /* taskB.cc */,
				D569F081201EBF17002721B9 /* taskC.cc */,
				D569F079201EBDBB002721B9 /* taskD.cc */,
				D5E3B21F2022ABB8006E3D62 /* taskE.cc */,
			);
			path = abc087;
			sourceTree = "<group>";
		};
		D5E3B2212022AC1A006E3D62 /* leetcode */ = {
			isa = PBXGroup;
			children = (
				D5E3B2272022AC33006E3D62 /* 48.cc */,
				D5E3B2262022AC33006E3D62 /* 155.cc */,
				D5E3B2242022AC33006E3D62 /* 206.cc */,
				D5E3B2222022AC33006E3D62 /* 207.cc */,
				D5E3B2232022AC33006E3D62 /* 221.cc */,
				D5E3B2252022AC33006E3D62 /* 238.cc */,
				D5C7C6DF2024626F00B3F4C5 /* 49.cc */,
				D5E4F02920257FCA00B9F050 /* 740.cc */,
				D551611320267C5400CC7DEA /* 775.cc */,
				D5390CB4202BD39900199DD5 /* 16.cc */,
				D5390CB6202BEE6D00199DD5 /* 46.cc */,
				D59EBF0420537279009AED02 /* 389.cc */,
				D59EBF072053747F009AED02 /* 390.cc */,
				D59EBF172054C60B009AED02 /* practice.cp */,
			);
			path = leetcode;
			sourceTree = "<group>";
		};
		D5E3B22F2022F64A006E3D62 /* 460d2 */ = {
			isa = PBXGroup;
			children = (
				D5E3B2332022F660006E3D62 /* taskA.cc */,
				D5E3B2352022F98E006E3D62 /* taskB.cc */,
				D5E3B2372022FC44006E3D62 /* taskC.cc */,
				D5E3B23A202307F2006E3D62 /* taskD.cc */,
				D5C7C6DD202461DA00B3F4C5 /* taskE.cc */,
			);
			path = 460d2;
			sourceTree = "<group>";
		};
/* End PBXGroup section */

/* Begin PBXNativeTarget section */
		D5A87E8C201DC1790038BE28 /* cpp */ = {
			isa = PBXNativeTarget;
			buildConfigurationList = D5A87E94201DC1790038BE28 /* Build configuration list for PBXNativeTarget "cpp" */;
			buildPhases = (
				D5A87E89201DC1790038BE28 /* Sources */,
				D5A87E8A201DC1790038BE28 /* Frameworks */,
				D5A87E8B201DC1790038BE28 /* CopyFiles */,
			);
			buildRules = (
			);
			dependencies = (
			);
			name = cpp;
			productName = cpp;
			productReference = D5A87E8D201DC1790038BE28 /* cpp */;
			productType = "com.apple.product-type.tool";
		};
/* End PBXNativeTarget section */

/* Begin PBXProject section */
		D5A87E85201DC1790038BE28 /* Project object */ = {
			isa = PBXProject;
			attributes = {
				LastUpgradeCheck = 0920;
				ORGANIZATIONNAME = "Robert Paul";
				TargetAttributes = {
					D5A87E8C201DC1790038BE28 = {
						CreatedOnToolsVersion = 9.2;
						ProvisioningStyle = Automatic;
					};
				};
			};
			buildConfigurationList = D5A87E88201DC1790038BE28 /* Build configuration list for PBXProject "cpp" */;
			compatibilityVersion = "Xcode 8.0";
			developmentRegion = en;
			hasScannedForEncodings = 0;
			knownRegions = (
				en,
			);
			mainGroup = D5A87E84201DC1790038BE28;
			productRefGroup = D5A87E8E201DC1790038BE28 /* Products */;
			projectDirPath = "";
			projectRoot = "";
			targets = (
				D5A87E8C201DC1790038BE28 /* cpp */,
			);
		};
/* End PBXProject section */

/* Begin PBXSourcesBuildPhase section */
		D5A87E89201DC1790038BE28 /* Sources */ = {
			isa = PBXSourcesBuildPhase;
			buildActionMask = 2147483647;
			files = (
				70566887207EF2120089488E /* taskF.cp in Sources */,
			);
			runOnlyForDeploymentPostprocessing = 0;
		};
/* End PBXSourcesBuildPhase section */

/* Begin XCBuildConfiguration section */
		D5A87E92201DC1790038BE28 /* Debug */ = {
			isa = XCBuildConfiguration;
			buildSettings = {
				ALWAYS_SEARCH_USER_PATHS = NO;
				CLANG_ANALYZER_NONNULL = YES;
				CLANG_ANALYZER_NUMBER_OBJECT_CONVERSION = YES_AGGRESSIVE;
				CLANG_CXX_LANGUAGE_STANDARD = "gnu++14";
				CLANG_CXX_LIBRARY = "libc++";
				CLANG_ENABLE_MODULES = YES;
				CLANG_ENABLE_OBJC_ARC = YES;
				CLANG_WARN_BLOCK_CAPTURE_AUTORELEASING = YES;
				CLANG_WARN_BOOL_CONVERSION = YES;
				CLANG_WARN_COMMA = YES;
				CLANG_WARN_CONSTANT_CONVERSION = YES;
				CLANG_WARN_DIRECT_OBJC_ISA_USAGE = YES_ERROR;
				CLANG_WARN_DOCUMENTATION_COMMENTS = YES;
				CLANG_WARN_EMPTY_BODY = YES;
				CLANG_WARN_ENUM_CONVERSION = YES;
				CLANG_WARN_INFINITE_RECURSION = YES;
				CLANG_WARN_INT_CONVERSION = YES;
				CLANG_WARN_NON_LITERAL_NULL_CONVERSION = YES;
				CLANG_WARN_OBJC_LITERAL_CONVERSION = YES;
				CLANG_WARN_OBJC_ROOT_CLASS = YES_ERROR;
				CLANG_WARN_RANGE_LOOP_ANALYSIS = YES;
				CLANG_WARN_STRICT_PROTOTYPES = YES;
				CLANG_WARN_SUSPICIOUS_MOVE = YES;
				CLANG_WARN_UNGUARDED_AVAILABILITY = YES_AGGRESSIVE;
				CLANG_WARN_UNREACHABLE_CODE = YES;
				CLANG_WARN__DUPLICATE_METHOD_MATCH = YES;
				CODE_SIGN_IDENTITY = "-";
				COPY_PHASE_STRIP = NO;
				DEBUG_INFORMATION_FORMAT = dwarf;
				ENABLE_STRICT_OBJC_MSGSEND = YES;
				ENABLE_TESTABILITY = YES;
				GCC_C_LANGUAGE_STANDARD = gnu11;
				GCC_DYNAMIC_NO_PIC = NO;
				GCC_NO_COMMON_BLOCKS = YES;
				GCC_OPTIMIZATION_LEVEL = 0;
				GCC_PREPROCESSOR_DEFINITIONS = (
					"DEBUG=1",
					"$(inherited)",
				);
				GCC_WARN_64_TO_32_BIT_CONVERSION = YES;
				GCC_WARN_ABOUT_RETURN_TYPE = YES_ERROR;
				GCC_WARN_UNDECLARED_SELECTOR = YES;
				GCC_WARN_UNINITIALIZED_AUTOS = YES_AGGRESSIVE;
				GCC_WARN_UNUSED_FUNCTION = YES;
				GCC_WARN_UNUSED_VARIABLE = YES;
				MACOSX_DEPLOYMENT_TARGET = 10.10;
				MTL_ENABLE_DEBUG_INFO = YES;
				ONLY_ACTIVE_ARCH = YES;
				OTHER_LDFLAGS = "";
				OTHER_LIBTOOLFLAGS = "";
				SDKROOT = macosx;
			};
			name = Debug;
		};
		D5A87E93201DC1790038BE28 /* Release */ = {
			isa = XCBuildConfiguration;
			buildSettings = {
				ALWAYS_SEARCH_USER_PATHS = NO;
				CLANG_ANALYZER_NONNULL = YES;
				CLANG_ANALYZER_NUMBER_OBJECT_CONVERSION = YES_AGGRESSIVE;
				CLANG_CXX_LANGUAGE_STANDARD = "gnu++14";
				CLANG_CXX_LIBRARY = "libc++";
				CLANG_ENABLE_MODULES = YES;
				CLANG_ENABLE_OBJC_ARC = YES;
				CLANG_WARN_BLOCK_CAPTURE_AUTORELEASING = YES;
				CLANG_WARN_BOOL_CONVERSION = YES;
				CLANG_WARN_COMMA = YES;
				CLANG_WARN_CONSTANT_CONVERSION = YES;
				CLANG_WARN_DIRECT_OBJC_ISA_USAGE = YES_ERROR;
				CLANG_WARN_DOCUMENTATION_COMMENTS = YES;
				CLANG_WARN_EMPTY_BODY = YES;
				CLANG_WARN_ENUM_CONVERSION = YES;
				CLANG_WARN_INFINITE_RECURSION = YES;
				CLANG_WARN_INT_CONVERSION = YES;
				CLANG_WARN_NON_LITERAL_NULL_CONVERSION = YES;
				CLANG_WARN_OBJC_LITERAL_CONVERSION = YES;
				CLANG_WARN_OBJC_ROOT_CLASS = YES_ERROR;
				CLANG_WARN_RANGE_LOOP_ANALYSIS = YES;
				CLANG_WARN_STRICT_PROTOTYPES = YES;
				CLANG_WARN_SUSPICIOUS_MOVE = YES;
				CLANG_WARN_UNGUARDED_AVAILABILITY = YES_AGGRESSIVE;
				CLANG_WARN_UNREACHABLE_CODE = YES;
				CLANG_WARN__DUPLICATE_METHOD_MATCH = YES;
				CODE_SIGN_IDENTITY = "-";
				COPY_PHASE_STRIP = NO;
				DEBUG_INFORMATION_FORMAT = "dwarf-with-dsym";
				ENABLE_NS_ASSERTIONS = NO;
				ENABLE_STRICT_OBJC_MSGSEND = YES;
				GCC_C_LANGUAGE_STANDARD = gnu11;
				GCC_NO_COMMON_BLOCKS = YES;
				GCC_WARN_64_TO_32_BIT_CONVERSION = YES;
				GCC_WARN_ABOUT_RETURN_TYPE = YES_ERROR;
				GCC_WARN_UNDECLARED_SELECTOR = YES;
				GCC_WARN_UNINITIALIZED_AUTOS = YES_AGGRESSIVE;
				GCC_WARN_UNUSED_FUNCTION = YES;
				GCC_WARN_UNUSED_VARIABLE = YES;
				MACOSX_DEPLOYMENT_TARGET = 10.10;
				MTL_ENABLE_DEBUG_INFO = NO;
				OTHER_LDFLAGS = "";
				OTHER_LIBTOOLFLAGS = "";
				SDKROOT = macosx;
			};
			name = Release;
		};
		D5A87E95201DC1790038BE28 /* Debug */ = {
			isa = XCBuildConfiguration;
			buildSettings = {
				ALWAYS_SEARCH_USER_PATHS = NO;
				CLANG_CXX_LANGUAGE_STANDARD = "c++17";
				CODE_SIGN_STYLE = Automatic;
				FRAMEWORK_SEARCH_PATHS = "";
				HEADER_SEARCH_PATHS = "";
				OTHER_CPLUSPLUSFLAGS = "$(OTHER_CFLAGS)";
				OTHER_LDFLAGS = "-Wl,-stack_size,0x10000000";
				PRODUCT_NAME = "$(TARGET_NAME)";
				SYSTEM_FRAMEWORK_SEARCH_PATHS = "";
				SYSTEM_HEADER_SEARCH_PATHS = "";
				USER_HEADER_SEARCH_PATHS = /usr/local/include;
			};
			name = Debug;
		};
		D5A87E96201DC1790038BE28 /* Release */ = {
			isa = XCBuildConfiguration;
			buildSettings = {
				ALWAYS_SEARCH_USER_PATHS = NO;
				CLANG_CXX_LANGUAGE_STANDARD = "c++17";
				CODE_SIGN_STYLE = Automatic;
				FRAMEWORK_SEARCH_PATHS = "";
				HEADER_SEARCH_PATHS = "";
				OTHER_CPLUSPLUSFLAGS = "$(OTHER_CFLAGS)";
				OTHER_LDFLAGS = "-Wl,-stack_size,0x10000000";
				PRODUCT_NAME = "$(TARGET_NAME)";
				SYSTEM_FRAMEWORK_SEARCH_PATHS = "";
				SYSTEM_HEADER_SEARCH_PATHS = "";
				USER_HEADER_SEARCH_PATHS = /usr/local/include;
			};
			name = Release;
		};
/* End XCBuildConfiguration section */

/* Begin XCConfigurationList section */
		D5A87E88201DC1790038BE28 /* Build configuration list for PBXProject "cpp" */ = {
			isa = XCConfigurationList;
			buildConfigurations = (
				D5A87E92201DC1790038BE28 /* Debug */,
				D5A87E93201DC1790038BE28 /* Release */,
			);
			defaultConfigurationIsVisible = 0;
			defaultConfigurationName = Release;
		};
		D5A87E94201DC1790038BE28 /* Build configuration list for PBXNativeTarget "cpp" */ = {
			isa = XCConfigurationList;
			buildConfigurations = (
				D5A87E95201DC1790038BE28 /* Debug */,
				D5A87E96201DC1790038BE28 /* Release */,
			);
			defaultConfigurationIsVisible = 0;
			defaultConfigurationName = Release;
		};
/* End XCConfigurationList section */
	};
	rootObject = D5A87E85201DC1790038BE28 /* Project object */;
}
